
Microsoft Visual Studio Solution File, Format Version 12.00
# Visual Studio Version 17
VisualStudioVersion = 17.8.34525.116
MinimumVisualStudioVersion = 10.0.40219.1
Project("{FAE04EC0-301F-11D3-BF4B-00C04F79EFBC}") = "LABA11", "LABA11\LABA11.csproj", "{0CFFCE65-1D07-48C4-A754-A3D129C56F73}"
EndProject
Global
	GlobalSection(SolutionConfigurationPlatforms) = preSolution
		Debug|Any CPU = Debug|Any CPU
		Release|Any CPU = Release|Any CPU
	EndGlobalSection
	GlobalSection(ProjectConfigurationPlatforms) = postSolution
		{0CFFCE65-1D07-48C4-A754-A3D129C56F73}.Debug|Any CPU.ActiveCfg = Debug|Any CPU
		{0CFFCE65-1D07-48C4-A754-A3D129C56F73}.Debug|Any CPU.Build.0 = Debug|Any CPU
		{0CFFCE65-1D07-48C4-A754-A3D129C56F73}.Release|Any CPU.ActiveCfg = Release|Any CPU
		{0CFFCE65-1D07-48C4-A754-A3D129C56F73}.Release|Any CPU.Build.0 = Release|Any CPU
	EndGlobalSection
	GlobalSection(SolutionProperties) = preSolution
		HideSolutionNode = FALSE
	EndGlobalSection
	GlobalSection(ExtensibilityGlobals) = postSolution
		SolutionGuid = {73D0B10F-1E13-4F68-95CE-981E946D3EA0}
	EndGlobalSection
EndGlobal
